
Microsoft Visual Studio Solution File, Format Version 12.00
# Visual Studio Version 17
VisualStudioVersion = 17.0.31903.59
MinimumVisualStudioVersion = 10.0.40219.1
Project("{FAE04EC0-301F-11D3-BF4B-00C04F79EFBC}") = "colorfulLogs.Tests", "colorfulLogs.Tests\colorfulLogs.Tests.csproj", "{6F986BC8-73CF-444C-AF22-A11B7C0B964A}"
EndProject
Project("{FAE04EC0-301F-11D3-BF4B-00C04F79EFBC}") = "colorfulLogs.CLI", "colorfulLogs.CLI\colorfulLogs.CLI.csproj", "{5B26B1FD-EA10-4CCE-8D4F-F1D0E4E5643A}"
EndProject
Project("{FAE04EC0-301F-11D3-BF4B-00C04F79EFBC}") = "colorfulLogs.Lib", "colorfulLogs.Lib\colorfulLogs.Lib.csproj", "{4270F085-26D8-460D-AEF2-1763A8D3F0C1}"
EndProject
Project("{FAE04EC0-301F-11D3-BF4B-00C04F79EFBC}") = "colorfulLogs.Desktop", "colorfulLogs.Desktop\colorfulLogs.Desktop.csproj", "{21407673-4F41-4BD4-8E00-77E0164FCF76}"
EndProject
Global
	GlobalSection(SolutionConfigurationPlatforms) = preSolution
		Debug|Any CPU = Debug|Any CPU
		Debug|x64 = Debug|x64
		Debug|x86 = Debug|x86
		Release|Any CPU = Release|Any CPU
		Release|x64 = Release|x64
		Release|x86 = Release|x86
	EndGlobalSection
	GlobalSection(ProjectConfigurationPlatforms) = postSolution
		{6F986BC8-73CF-444C-AF22-A11B7C0B964A}.Debug|Any CPU.ActiveCfg = Debug|Any CPU
		{6F986BC8-73CF-444C-AF22-A11B7C0B964A}.Debug|Any CPU.Build.0 = Debug|Any CPU
		{6F986BC8-73CF-444C-AF22-A11B7C0B964A}.Debug|x64.ActiveCfg = Debug|Any CPU
		{6F986BC8-73CF-444C-AF22-A11B7C0B964A}.Debug|x64.Build.0 = Debug|Any CPU
		{6F986BC8-73CF-444C-AF22-A11B7C0B964A}.Debug|x86.ActiveCfg = Debug|Any CPU
		{6F986BC8-73CF-444C-AF22-A11B7C0B964A}.Debug|x86.Build.0 = Debug|Any CPU
		{6F986BC8-73CF-444C-AF22-A11B7C0B964A}.Release|Any CPU.ActiveCfg = Release|Any CPU
		{6F986BC8-73CF-444C-AF22-A11B7C0B964A}.Release|Any CPU.Build.0 = Release|Any CPU
		{6F986BC8-73CF-444C-AF22-A11B7C0B964A}.Release|x64.ActiveCfg = Release|Any CPU
		{6F986BC8-73CF-444C-AF22-A11B7C0B964A}.Release|x64.Build.0 = Release|Any CPU
		{6F986BC8-73CF-444C-AF22-A11B7C0B964A}.Release|x86.ActiveCfg = Release|Any CPU
		{6F986BC8-73CF-444C-AF22-A11B7C0B964A}.Release|x86.Build.0 = Release|Any CPU
		{5B26B1FD-EA10-4CCE-8D4F-F1D0E4E5643A}.Debug|Any CPU.ActiveCfg = Debug|Any CPU
		{5B26B1FD-EA10-4CCE-8D4F-F1D0E4E5643A}.Debug|Any CPU.Build.0 = Debug|Any CPU
		{5B26B1FD-EA10-4CCE-8D4F-F1D0E4E5643A}.Debug|x64.ActiveCfg = Debug|Any CPU
		{5B26B1FD-EA10-4CCE-8D4F-F1D0E4E5643A}.Debug|x64.Build.0 = Debug|Any CPU
		{5B26B1FD-EA10-4CCE-8D4F-F1D0E4E5643A}.Debug|x86.ActiveCfg = Debug|Any CPU
		{5B26B1FD-EA10-4CCE-8D4F-F1D0E4E5643A}.Debug|x86.Build.0 = Debug|Any CPU
		{5B26B1FD-EA10-4CCE-8D4F-F1D0E4E5643A}.Release|Any CPU.ActiveCfg = Release|Any CPU
		{5B26B1FD-EA10-4CCE-8D4F-F1D0E4E5643A}.Release|Any CPU.Build.0 = Release|Any CPU
		{5B26B1FD-EA10-4CCE-8D4F-F1D0E4E5643A}.Release|x64.ActiveCfg = Release|Any CPU
		{5B26B1FD-EA10-4CCE-8D4F-F1D0E4E5643A}.Release|x64.Build.0 = Release|Any CPU
		{5B26B1FD-EA10-4CCE-8D4F-F1D0E4E5643A}.Release|x86.ActiveCfg = Release|Any CPU
		{5B26B1FD-EA10-4CCE-8D4F-F1D0E4E5643A}.Release|x86.Build.0 = Release|Any CPU
		{4270F085-26D8-460D-AEF2-1763A8D3F0C1}.Debug|Any CPU.ActiveCfg = Debug|Any CPU
		{4270F085-26D8-460D-AEF2-1763A8D3F0C1}.Debug|Any CPU.Build.0 = Debug|Any CPU
		{4270F085-26D8-460D-AEF2-1763A8D3F0C1}.Debug|x64.ActiveCfg = Debug|Any CPU
		{4270F085-26D8-460D-AEF2-1763A8D3F0C1}.Debug|x64.Build.0 = Debug|Any CPU
		{4270F085-26D8-460D-AEF2-1763A8D3F0C1}.Debug|x86.ActiveCfg = Debug|Any CPU
		{4270F085-26D8-460D-AEF2-1763A8D3F0C1}.Debug|x86.Build.0 = Debug|Any CPU
		{4270F085-26D8-460D-AEF2-1763A8D3F0C1}.Release|Any CPU.ActiveCfg = Release|Any CPU
		{4270F085-26D8-460D-AEF2-1763A8D3F0C1}.Release|Any CPU.Build.0 = Release|Any CPU
		{4270F085-26D8-460D-AEF2-1763A8D3F0C1}.Release|x64.ActiveCfg = Release|Any CPU
		{4270F085-26D8-460D-AEF2-1763A8D3F0C1}.Release|x64.Build.0 = Release|Any CPU
		{4270F085-26D8-460D-AEF2-1763A8D3F0C1}.Release|x86.ActiveCfg = Release|Any CPU
		{4270F085-26D8-460D-AEF2-1763A8D3F0C1}.Release|x86.Build.0 = Release|Any CPU
		{21407673-4F41-4BD4-8E00-77E0164FCF76}.Debug|Any CPU.ActiveCfg = Debug|Any CPU
		{21407673-4F41-4BD4-8E00-77E0164FCF76}.Debug|Any CPU.Build.0 = Debug|Any CPU
		{21407673-4F41-4BD4-8E00-77E0164FCF76}.Debug|x64.ActiveCfg = Debug|Any CPU
		{21407673-4F41-4BD4-8E00-77E0164FCF76}.Debug|x64.Build.0 = Debug|Any CPU
		{21407673-4F41-4BD4-8E00-77E0164FCF76}.Debug|x86.ActiveCfg = Debug|Any CPU
		{21407673-4F41-4BD4-8E00-77E0164FCF76}.Debug|x86.Build.0 = Debug|Any CPU
		{21407673-4F41-4BD4-8E00-77E0164FCF76}.Release|Any CPU.ActiveCfg = Release|Any CPU
		{21407673-4F41-4BD4-8E00-77E0164FCF76}.Release|Any CPU.Build.0 = Release|Any CPU
		{21407673-4F41-4BD4-8E00-77E0164FCF76}.Release|x64.ActiveCfg = Release|Any CPU
		{21407673-4F41-4BD4-8E00-77E0164FCF76}.Release|x64.Build.0 = Release|Any CPU
		{21407673-4F41-4BD4-8E00-77E0164FCF76}.Release|x86.ActiveCfg = Release|Any CPU
		{21407673-4F41-4BD4-8E00-77E0164FCF76}.Release|x86.Build.0 = Release|Any CPU
	EndGlobalSection
	GlobalSection(SolutionProperties) = preSolution
		HideSolutionNode = FALSE
	EndGlobalSection
EndGlobal
